// !$*UTF8*$!
{
	archiveVersion = 1;
	classes = {
	};
	objectVersion = 50;
	objects = {

/* Begin PBXBuildFile section */
		60889DDE250539B2004E7215 /* AppDelegate.swift in Sources */ = {isa = PBXBuildFile; fileRef = 60889DDD250539B2004E7215 /* AppDelegate.swift */; };
		60889DE0250539B2004E7215 /* SceneDelegate.swift in Sources */ = {isa = PBXBuildFile; fileRef = 60889DDF250539B2004E7215 /* SceneDelegate.swift */; };
		60889DE2250539B2004E7215 /* ViewController.swift in Sources */ = {isa = PBXBuildFile; fileRef = 60889DE1250539B2004E7215 /* ViewController.swift */; };
		60889DE5250539B2004E7215 /* Main.storyboard in Resources */ = {isa = PBXBuildFile; fileRef = 60889DE3250539B2004E7215 /* Main.storyboard */; };
		60889DE7250539B4004E7215 /* Assets.xcassets in Resources */ = {isa = PBXBuildFile; fileRef = 60889DE6250539B4004E7215 /* Assets.xcassets */; };
		60889DEA250539B4004E7215 /* LaunchScreen.storyboard in Resources */ = {isa = PBXBuildFile; fileRef = 60889DE8250539B4004E7215 /* LaunchScreen.storyboard */; };
		60F731AA2507962500CD7214 /* MenuTableViewCell.swift in Sources */ = {isa = PBXBuildFile; fileRef = 60F731A92507962500CD7214 /* MenuTableViewCell.swift */; };
		E68666B18029946F4FA8BAA9 /* Pods_RxSideDish.framework in Frameworks */ = {isa = PBXBuildFile; fileRef = 85928F32865ED3ACEA3673A5 /* Pods_RxSideDish.framework */; };
/* End PBXBuildFile section */

/* Begin PBXFileReference section */
		60889DDA250539B2004E7215 /* RxSideDish.app */ = {isa = PBXFileReference; explicitFileType = wrapper.application; includeInIndex = 0; path = RxSideDish.app; sourceTree = BUILT_PRODUCTS_DIR; };
		60889DDD250539B2004E7215 /* AppDelegate.swift */ = {isa = PBXFileReference; lastKnownFileType = sourcecode.swift; path = AppDelegate.swift; sourceTree = "<group>"; };
		60889DDF250539B2004E7215 /* SceneDelegate.swift */ = {isa = PBXFileReference; lastKnownFileType = sourcecode.swift; path = SceneDelegate.swift; sourceTree = "<group>"; };
		60889DE1250539B2004E7215 /* ViewController.swift */ = {isa = PBXFileReference; lastKnownFileType = sourcecode.swift; path = ViewController.swift; sourceTree = "<group>"; };
		60889DE4250539B2004E7215 /* Base */ = {isa = PBXFileReference; lastKnownFileType = file.storyboard; name = Base; path = Base.lproj/Main.storyboard; sourceTree = "<group>"; };
		60889DE6250539B4004E7215 /* Assets.xcassets */ = {isa = PBXFileReference; lastKnownFileType = folder.assetcatalog; path = Assets.xcassets; sourceTree = "<group>"; };
		60889DE9250539B4004E7215 /* Base */ = {isa = PBXFileReference; lastKnownFileType = file.storyboard; name = Base; path = Base.lproj/LaunchScreen.storyboard; sourceTree = "<group>"; };
		60889DEB250539B4004E7215 /* Info.plist */ = {isa = PBXFileReference; lastKnownFileType = text.plist.xml; path = Info.plist; sourceTree = "<group>"; };
		60F731A92507962500CD7214 /* MenuTableViewCell.swift */ = {isa = PBXFileReference; lastKnownFileType = sourcecode.swift; path = MenuTableViewCell.swift; sourceTree = "<group>"; };
		85928F32865ED3ACEA3673A5 /* Pods_RxSideDish.framework */ = {isa = PBXFileReference; explicitFileType = wrapper.framework; includeInIndex = 0; path = Pods_RxSideDish.framework; sourceTree = BUILT_PRODUCTS_DIR; };
		884B541441D75AB48E4A8DF0 /* Pods-RxSideDish.debug.xcconfig */ = {isa = PBXFileReference; includeInIndex = 1; lastKnownFileType = text.xcconfig; name = "Pods-RxSideDish.debug.xcconfig"; path = "Target Support Files/Pods-RxSideDish/Pods-RxSideDish.debug.xcconfig"; sourceTree = "<group>"; };
		F19AA8A1F1D7A6C7D5572021 /* Pods-RxSideDish.release.xcconfig */ = {isa = PBXFileReference; includeInIndex = 1; lastKnownFileType = text.xcconfig; name = "Pods-RxSideDish.release.xcconfig"; path = "Target Support Files/Pods-RxSideDish/Pods-RxSideDish.release.xcconfig"; sourceTree = "<group>"; };
/* End PBXFileReference section */

/* Begin PBXFrameworksBuildPhase section */
		60889DD7250539B2004E7215 /* Frameworks */ = {
			isa = PBXFrameworksBuildPhase;
			buildActionMask = 2147483647;
			files = (
				E68666B18029946F4FA8BAA9 /* Pods_RxSideDish.framework in Frameworks */,
			);
			runOnlyForDeploymentPostprocessing = 0;
		};
/* End PBXFrameworksBuildPhase section */

/* Begin PBXGroup section */
		26D43C67A4114CC014CFDCC0 /* Pods */ = {
			isa = PBXGroup;
			children = (
				884B541441D75AB48E4A8DF0 /* Pods-RxSideDish.debug.xcconfig */,
				F19AA8A1F1D7A6C7D5572021 /* Pods-RxSideDish.release.xcconfig */,
			);
			name = Pods;
			path = Pods;
			sourceTree = "<group>";
		};
		60889DD1250539B2004E7215 = {
			isa = PBXGroup;
			children = (
				60889DDC250539B2004E7215 /* RxSideDish */,
				60889DDB250539B2004E7215 /* Products */,
				26D43C67A4114CC014CFDCC0 /* Pods */,
				81E8980A7E8947B204FD921A /* Frameworks */,
			);
			sourceTree = "<group>";
		};
		60889DDB250539B2004E7215 /* Products */ = {
			isa = PBXGroup;
			children = (
				60889DDA250539B2004E7215 /* RxSideDish.app */,
			);
			name = Products;
			sourceTree = "<group>";
		};
		60889DDC250539B2004E7215 /* RxSideDish */ = {
			isa = PBXGroup;
			children = (
				60889DDD250539B2004E7215 /* AppDelegate.swift */,
				60889DDF250539B2004E7215 /* SceneDelegate.swift */,
				60889DE1250539B2004E7215 /* ViewController.swift */,
				60889DE3250539B2004E7215 /* Main.storyboard */,
				60F731A92507962500CD7214 /* MenuTableViewCell.swift */,
				60889DE6250539B4004E7215 /* Assets.xcassets */,
				60889DE8250539B4004E7215 /* LaunchScreen.storyboard */,
				60889DEB250539B4004E7215 /* Info.plist */,
			);
			path = RxSideDish;
			sourceTree = "<group>";
		};
		81E8980A7E8947B204FD921A /* Frameworks */ = {
			isa = PBXGroup;
			children = (
				85928F32865ED3ACEA3673A5 /* Pods_RxSideDish.framework */,
			);
			name = Frameworks;
			sourceTree = "<group>";
		};
/* End PBXGroup section */

/* Begin PBXNativeTarget section */
		60889DD9250539B2004E7215 /* RxSideDish */ = {
			isa = PBXNativeTarget;
			buildConfigurationList = 60889DEE250539B4004E7215 /* Build configuration list for PBXNativeTarget "RxSideDish" */;
			buildPhases = (
				0E8503E4DB6DA983AF801423 /* [CP] Check Pods Manifest.lock */,
				60889DD6250539B2004E7215 /* Sources */,
				60889DD7250539B2004E7215 /* Frameworks */,
				60889DD8250539B2004E7215 /* Resources */,
				52E5D45B3727884C320AAA92 /* [CP] Embed Pods Frameworks */,
			);
			buildRules = (
			);
			dependencies = (
			);
			name = RxSideDish;
			productName = RxSideDish;
			productReference = 60889DDA250539B2004E7215 /* RxSideDish.app */;
			productType = "com.apple.product-type.application";
		};
/* End PBXNativeTarget section */

/* Begin PBXProject section */
		60889DD2250539B2004E7215 /* Project object */ = {
			isa = PBXProject;
			attributes = {
				LastSwiftUpdateCheck = 1170;
				LastUpgradeCheck = 1170;
				ORGANIZATIONNAME = "Delma Song";
				TargetAttributes = {
					60889DD9250539B2004E7215 = {
						CreatedOnToolsVersion = 11.7;
					};
				};
			};
			buildConfigurationList = 60889DD5250539B2004E7215 /* Build configuration list for PBXProject "RxSideDish" */;
			compatibilityVersion = "Xcode 9.3";
			developmentRegion = en;
			hasScannedForEncodings = 0;
			knownRegions = (
				en,
				Base,
			);
			mainGroup = 60889DD1250539B2004E7215;
			productRefGroup = 60889DDB250539B2004E7215 /* Products */;
			projectDirPath = "";
			projectRoot = "";
			targets = (
				60889DD9250539B2004E7215 /* RxSideDish */,
			);
		};
/* End PBXProject section */

/* Begin PBXResourcesBuildPhase section */
		60889DD8250539B2004E7215 /* Resources */ = {
			isa = PBXResourcesBuildPhase;
			buildActionMask = 2147483647;
			files = (
				60889DEA250539B4004E7215 /* LaunchScreen.storyboard in Resources */,
				60889DE7250539B4004E7215 /* Assets.xcassets in Resources */,
				60889DE5250539B2004E7215 /* Main.storyboard in Resources */,
			);
			runOnlyForDeploymentPostprocessing = 0;
		};
/* End PBXResourcesBuildPhase section */

/* Begin PBXShellScriptBuildPhase section */
		0E8503E4DB6DA983AF801423 /* [CP] Check Pods Manifest.lock */ = {
			isa = PBXShellScriptBuildPhase;
			buildActionMask = 2147483647;
			files = (
			);
			inputFileListPaths = (
			);
			inputPaths = (
				"${PODS_PODFILE_DIR_PATH}/Podfile.lock",
				"${PODS_ROOT}/Manifest.lock",
			);
			name = "[CP] Check Pods Manifest.lock";
			outputFileListPaths = (
			);
			outputPaths = (
				"$(DERIVED_FILE_DIR)/Pods-RxSideDish-checkManifestLockResult.txt",
			);
			runOnlyForDeploymentPostprocessing = 0;
			shellPath = /bin/sh;
			shellScript = "diff \"${PODS_PODFILE_DIR_PATH}/Podfile.lock\" \"${PODS_ROOT}/Manifest.lock\" > /dev/null\nif [ $? != 0 ] ; then\n    # print error to STDERR\n    echo \"error: The sandbox is not in sync with the Podfile.lock. Run 'pod install' or update your CocoaPods installation.\" >&2\n    exit 1\nfi\n# This output is used by Xcode 'outputs' to avoid re-running this script phase.\necho \"SUCCESS\" > \"${SCRIPT_OUTPUT_FILE_0}\"\n";
			showEnvVarsInLog = 0;
		};
		52E5D45B3727884C320AAA92 /* [CP] Embed Pods Frameworks */ = {
			isa = PBXShellScriptBuildPhase;
			buildActionMask = 2147483647;
			files = (
			);
			inputFileListPaths = (
				"${PODS_ROOT}/Target Support Files/Pods-RxSideDish/Pods-RxSideDish-frameworks-${CONFIGURATION}-input-files.xcfilelist",
			);
			name = "[CP] Embed Pods Frameworks";
			outputFileListPaths = (
				"${PODS_ROOT}/Target Support Files/Pods-RxSideDish/Pods-RxSideDish-frameworks-${CONFIGURATION}-output-files.xcfilelist",
			);
			runOnlyForDeploymentPostprocessing = 0;
			shellPath = /bin/sh;
			shellScript = "\"${PODS_ROOT}/Target Support Files/Pods-RxSideDish/Pods-RxSideDish-frameworks.sh\"\n";
			showEnvVarsInLog = 0;
		};
/* End PBXShellScriptBuildPhase section */

/* Begin PBXSourcesBuildPhase section */
		60889DD6250539B2004E7215 /* Sources */ = {
			isa = PBXSourcesBuildPhase;
			buildActionMask = 2147483647;
			files = (
				60889DE2250539B2004E7215 /* ViewController.swift in Sources */,
				60889DDE250539B2004E7215 /* AppDelegate.swift in Sources */,
				60F731AA2507962500CD7214 /* MenuTableViewCell.swift in Sources */,
				60889DE0250539B2004E7215 /* SceneDelegate.swift in Sources */,
			);
			runOnlyForDeploymentPostprocessing = 0;
		};
/* End PBXSourcesBuildPhase section */

/* Begin PBXVariantGroup section */
		60889DE3250539B2004E7215 /* Main.storyboard */ = {
			isa = PBXVariantGroup;
			children = (
				60889DE4250539B2004E7215 /* Base */,
			);
			name = Main.storyboard;
			sourceTree = "<group>";
		};
		60889DE8250539B4004E7215 /* LaunchScreen.storyboard */ = {
			isa = PBXVariantGroup;
			children = (
				60889DE9250539B4004E7215 /* Base */,
			);
			name = LaunchScreen.storyboard;
			sourceTree = "<group>";
		};
/* End PBXVariantGroup section */

/* Begin XCBuildConfiguration section */
		60889DEC250539B4004E7215 /* Debug */ = {
			isa = XCBuildConfiguration;
			buildSettings = {
				ALWAYS_SEARCH_USER_PATHS = NO;
				CLANG_ANALYZER_NONNULL = YES;
				CLANG_ANALYZER_NUMBER_OBJECT_CONVERSION = YES_AGGRESSIVE;
				CLANG_CXX_LANGUAGE_STANDARD = "gnu++14";
				CLANG_CXX_LIBRARY = "libc++";
				CLANG_ENABLE_MODULES = YES;
				CLANG_ENABLE_OBJC_ARC = YES;
				CLANG_ENABLE_OBJC_WEAK = YES;
				CLANG_WARN_BLOCK_CAPTURE_AUTORELEASING = YES;
				CLANG_WARN_BOOL_CONVERSION = YES;
				CLANG_WARN_COMMA = YES;
				CLANG_WARN_CONSTANT_CONVERSION = YES;
				CLANG_WARN_DEPRECATED_OBJC_IMPLEMENTATIONS = YES;
				CLANG_WARN_DIRECT_OBJC_ISA_USAGE = YES_ERROR;
				CLANG_WARN_DOCUMENTATION_COMMENTS = YES;
				CLANG_WARN_EMPTY_BODY = YES;
				CLANG_WARN_ENUM_CONVERSION = YES;
				CLANG_WARN_INFINITE_RECURSION = YES;
				CLANG_WARN_INT_CONVERSION = YES;
				CLANG_WARN_NON_LITERAL_NULL_CONVERSION = YES;
				CLANG_WARN_OBJC_IMPLICIT_RETAIN_SELF = YES;
				CLANG_WARN_OBJC_LITERAL_CONVERSION = YES;
				CLANG_WARN_OBJC_ROOT_CLASS = YES_ERROR;
				CLANG_WARN_RANGE_LOOP_ANALYSIS = YES;
				CLANG_WARN_STRICT_PROTOTYPES = YES;
				CLANG_WARN_SUSPICIOUS_MOVE = YES;
				CLANG_WARN_UNGUARDED_AVAILABILITY = YES_AGGRESSIVE;
				CLANG_WARN_UNREACHABLE_CODE = YES;
				CLANG_WARN__DUPLICATE_METHOD_MATCH = YES;
				COPY_PHASE_STRIP = NO;
				DEBUG_INFORMATION_FORMAT = dwarf;
				ENABLE_STRICT_OBJC_MSGSEND = YES;
				ENABLE_TESTABILITY = YES;
				GCC_C_LANGUAGE_STANDARD = gnu11;
				GCC_DYNAMIC_NO_PIC = NO;
				GCC_NO_COMMON_BLOCKS = YES;
				GCC_OPTIMIZATION_LEVEL = 0;
				GCC_PREPROCESSOR_DEFINITIONS = (
					"DEBUG=1",
					"$(inherited)",
				);
				GCC_WARN_64_TO_32_BIT_CONVERSION = YES;
				GCC_WARN_ABOUT_RETURN_TYPE = YES_ERROR;
				GCC_WARN_UNDECLARED_SELECTOR = YES;
				GCC_WARN_UNINITIALIZED_AUTOS = YES_AGGRESSIVE;
				GCC_WARN_UNUSED_FUNCTION = YES;
				GCC_WARN_UNUSED_VARIABLE = YES;
				IPHONEOS_DEPLOYMENT_TARGET = 13.7;
				MTL_ENABLE_DEBUG_INFO = INCLUDE_SOURCE;
				MTL_FAST_MATH = YES;
				ONLY_ACTIVE_ARCH = YES;
				SDKROOT = iphoneos;
				SWIFT_ACTIVE_COMPILATION_CONDITIONS = DEBUG;
				SWIFT_OPTIMIZATION_LEVEL = "-Onone";
			};
			name = Debug;
		};
		60889DED250539B4004E7215 /* Release */ = {
			isa = XCBuildConfiguration;
			buildSettings = {
				ALWAYS_SEARCH_USER_PATHS = NO;
				CLANG_ANALYZER_NONNULL = YES;
				CLANG_ANALYZER_NUMBER_OBJECT_CONVERSION = YES_AGGRESSIVE;
				CLANG_CXX_LANGUAGE_STANDARD = "gnu++14";
				CLANG_CXX_LIBRARY = "libc++";
				CLANG_ENABLE_MODULES = YES;
				CLANG_ENABLE_OBJC_ARC = YES;
				CLANG_ENABLE_OBJC_WEAK = YES;
				CLANG_WARN_BLOCK_CAPTURE_AUTORELEASING = YES;
				CLANG_WARN_BOOL_CONVERSION = YES;
				CLANG_WARN_COMMA = YES;
				CLANG_WARN_CONSTANT_CONVERSION = YES;
				CLANG_WARN_DEPRECATED_OBJC_IMPLEMENTATIONS = YES;
				CLANG_WARN_DIRECT_OBJC_ISA_USAGE = YES_ERROR;
				CLANG_WARN_DOCUMENTATION_COMMENTS = YES;
				CLANG_WARN_EMPTY_BODY = YES;
				CLANG_WARN_ENUM_CONVERSION = YES;
				CLANG_WARN_INFINITE_RECURSION = YES;
				CLANG_WARN_INT_CONVERSION = YES;
				CLANG_WARN_NON_LITERAL_NULL_CONVERSION = YES;
				CLANG_WARN_OBJC_IMPLICIT_RETAIN_SELF = YES;
				CLANG_WARN_OBJC_LITERAL_CONVERSION = YES;
				CLANG_WARN_OBJC_ROOT_CLASS = YES_ERROR;
				CLANG_WARN_RANGE_LOOP_ANALYSIS = YES;
				CLANG_WARN_STRICT_PROTOTYPES = YES;
				CLANG_WARN_SUSPICIOUS_MOVE = YES;
				CLANG_WARN_UNGUARDED_AVAILABILITY = YES_AGGRESSIVE;
				CLANG_WARN_UNREACHABLE_CODE = YES;
				CLANG_WARN__DUPLICATE_METHOD_MATCH = YES;
				COPY_PHASE_STRIP = NO;
				DEBUG_INFORMATION_FORMAT = "dwarf-with-dsym";
				ENABLE_NS_ASSERTIONS = NO;
				ENABLE_STRICT_OBJC_MSGSEND = YES;
				GCC_C_LANGUAGE_STANDARD = gnu11;
				GCC_NO_COMMON_BLOCKS = YES;
				GCC_WARN_64_TO_32_BIT_CONVERSION = YES;
				GCC_WARN_ABOUT_RETURN_TYPE = YES_ERROR;
				GCC_WARN_UNDECLARED_SELECTOR = YES;
				GCC_WARN_UNINITIALIZED_AUTOS = YES_AGGRESSIVE;
				GCC_WARN_UNUSED_FUNCTION = YES;
				GCC_WARN_UNUSED_VARIABLE = YES;
				IPHONEOS_DEPLOYMENT_TARGET = 13.7;
				MTL_ENABLE_DEBUG_INFO = NO;
				MTL_FAST_MATH = YES;
				SDKROOT = iphoneos;
				SWIFT_COMPILATION_MODE = wholemodule;
				SWIFT_OPTIMIZATION_LEVEL = "-O";
				VALIDATE_PRODUCT = YES;
			};
			name = Release;
		};
		60889DEF250539B4004E7215 /* Debug */ = {
			isa = XCBuildConfiguration;
			baseConfigurationReference = 884B541441D75AB48E4A8DF0 /* Pods-RxSideDish.debug.xcconfig */;
			buildSettings = {
				ASSETCATALOG_COMPILER_APPICON_NAME = AppIcon;
				CODE_SIGN_STYLE = Automatic;
				INFOPLIST_FILE = RxSideDish/Info.plist;
				LD_RUNPATH_SEARCH_PATHS = (
					"$(inherited)",
					"@executable_path/Frameworks",
				);
				PRODUCT_BUNDLE_IDENTIFIER = com.delma.RxSideDish;
				PRODUCT_NAME = "$(TARGET_NAME)";
				SWIFT_VERSION = 5.0;
				TARGETED_DEVICE_FAMILY = "1,2";
			};
			name = Debug;
		};
		60889DF0250539B4004E7215 /* Release */ = {
			isa = XCBuildConfiguration;
			baseConfigurationReference = F19AA8A1F1D7A6C7D5572021 /* Pods-RxSideDish.release.xcconfig */;
			buildSettings = {
				ASSETCATALOG_COMPILER_APPICON_NAME = AppIcon;
				CODE_SIGN_STYLE = Automatic;
				INFOPLIST_FILE = RxSideDish/Info.plist;
				LD_RUNPATH_SEARCH_PATHS = (
					"$(inherited)",
					"@executable_path/Frameworks",
				);
				PRODUCT_BUNDLE_IDENTIFIER = com.delma.RxSideDish;
				PRODUCT_NAME = "$(TARGET_NAME)";
				SWIFT_VERSION = 5.0;
				TARGETED_DEVICE_FAMILY = "1,2";
			};
			name = Release;
		};
/* End XCBuildConfiguration section */

/* Begin XCConfigurationList section */
		60889DD5250539B2004E7215 /* Build configuration list for PBXProject "RxSideDish" */ = {
			isa = XCConfigurationList;
			buildConfigurations = (
				60889DEC250539B4004E7215 /* Debug */,
				60889DED250539B4004E7215 /* Release */,
			);
			defaultConfigurationIsVisible = 0;
			defaultConfigurationName = Release;
		};
		60889DEE250539B4004E7215 /* Build configuration list for PBXNativeTarget "RxSideDish" */ = {
			isa = XCConfigurationList;
			buildConfigurations = (
				60889DEF250539B4004E7215 /* Debug */,
				60889DF0250539B4004E7215 /* Release */,
			);
			defaultConfigurationIsVisible = 0;
			defaultConfigurationName = Release;
		};
/* End XCConfigurationList section */
	};
	rootObject = 60889DD2250539B2004E7215 /* Project object */;
}
